
Microsoft Visual Studio Solution File, Format Version 12.00
# Visual Studio Version 16
VisualStudioVersion = 16.0.30114.105
MinimumVisualStudioVersion = 10.0.40219.1
Project("{FAE04EC0-301F-11D3-BF4B-00C04F79EFBC}") = "Takochu-Framework", "Takochu\Takochu-Framework.csproj", "{2B69F139-E33C-4D77-AC4D-2C73923902BC}"
EndProject
Project("{FAE04EC0-301F-11D3-BF4B-00C04F79EFBC}") = "Takochu-Core", "Takochu-Core\Takochu-Core.csproj", "{0212DDD1-F46F-4C8D-8255-3CB82C71813F}"
EndProject
Global
	GlobalSection(SolutionConfigurationPlatforms) = preSolution
		Debug|Any CPU = Debug|Any CPU
		Release|Any CPU = Release|Any CPU
	EndGlobalSection
	GlobalSection(ProjectConfigurationPlatforms) = postSolution
		{2B69F139-E33C-4D77-AC4D-2C73923902BC}.Debug|Any CPU.ActiveCfg = Debug|Any CPU
		{2B69F139-E33C-4D77-AC4D-2C73923902BC}.Debug|Any CPU.Build.0 = Debug|Any CPU
		{2B69F139-E33C-4D77-AC4D-2C73923902BC}.Release|Any CPU.ActiveCfg = Release|Any CPU
		{2B69F139-E33C-4D77-AC4D-2C73923902BC}.Release|Any CPU.Build.0 = Release|Any CPU
		{0212DDD1-F46F-4C8D-8255-3CB82C71813F}.Debug|Any CPU.ActiveCfg = Debug|Any CPU
		{0212DDD1-F46F-4C8D-8255-3CB82C71813F}.Debug|Any CPU.Build.0 = Debug|Any CPU
		{0212DDD1-F46F-4C8D-8255-3CB82C71813F}.Release|Any CPU.ActiveCfg = Release|Any CPU
		{0212DDD1-F46F-4C8D-8255-3CB82C71813F}.Release|Any CPU.Build.0 = Release|Any CPU
	EndGlobalSection
	GlobalSection(SolutionProperties) = preSolution
		HideSolutionNode = FALSE
	EndGlobalSection
	GlobalSection(ExtensibilityGlobals) = postSolution
		SolutionGuid = {7EB20272-7CD7-484F-90F6-7504AD646269}
	EndGlobalSection
EndGlobal
